
Microsoft Visual Studio Solution File, Format Version 12.00
# Visual Studio Version 17
VisualStudioVersion = 17.0.31903.59
MinimumVisualStudioVersion = 10.0.40219.1
Project("{2150E333-8FDC-42A3-9474-1A3956D46DE8}") = "src", "src", "{827E0CD3-B72D-47B6-A68D-7590B98EB39B}"
EndProject
Project("{FAE04EC0-301F-11D3-BF4B-00C04F79EFBC}") = "IronVault.Core", "src\IronVault.Core\IronVault.Core.csproj", "{250B4509-8505-48BC-B53C-1CCE3B33340D}"
EndProject
Project("{FAE04EC0-301F-11D3-BF4B-00C04F79EFBC}") = "IronVault.Bitwarden", "src\IronVault.Bitwarden\IronVault.Bitwarden.csproj", "{C560B7B8-4036-47E0-865F-175B2E7C06F0}"
EndProject
Project("{FAE04EC0-301F-11D3-BF4B-00C04F79EFBC}") = "IronVault.Platform", "src\IronVault.Platform\IronVault.Platform.csproj", "{00AD777A-8BAF-4AA9-97E0-4C51CC0081F8}"
EndProject
Project("{2150E333-8FDC-42A3-9474-1A3956D46DE8}") = "tests", "tests", "{0AB3BF05-4346-4AA6-1389-037BE0695223}"
EndProject
Project("{FAE04EC0-301F-11D3-BF4B-00C04F79EFBC}") = "IronVault.Core.Tests", "tests\IronVault.Core.Tests\IronVault.Core.Tests.csproj", "{C453A5CF-F68A-498F-A116-D310A2A6234E}"
EndProject
Project("{FAE04EC0-301F-11D3-BF4B-00C04F79EFBC}") = "IronVault.Bitwarden.Tests", "tests\IronVault.Bitwarden.Tests\IronVault.Bitwarden.Tests.csproj", "{745AFF2F-DE87-4F1D-9E1E-1F6DB8F92276}"
EndProject
Project("{FAE04EC0-301F-11D3-BF4B-00C04F79EFBC}") = "IronVault.App", "src\IronVault.App\IronVault.App.csproj", "{17BED320-69D3-417A-E92D-CF9C2DE74284}"
EndProject
Global
	GlobalSection(SolutionConfigurationPlatforms) = preSolution
		Debug|Any CPU = Debug|Any CPU
		Debug|x64 = Debug|x64
		Debug|x86 = Debug|x86
		Release|Any CPU = Release|Any CPU
		Release|x64 = Release|x64
		Release|x86 = Release|x86
	EndGlobalSection
	GlobalSection(ProjectConfigurationPlatforms) = postSolution
		{250B4509-8505-48BC-B53C-1CCE3B33340D}.Debug|Any CPU.ActiveCfg = Debug|Any CPU
		{250B4509-8505-48BC-B53C-1CCE3B33340D}.Debug|Any CPU.Build.0 = Debug|Any CPU
		{250B4509-8505-48BC-B53C-1CCE3B33340D}.Debug|x64.ActiveCfg = Debug|Any CPU
		{250B4509-8505-48BC-B53C-1CCE3B33340D}.Debug|x64.Build.0 = Debug|Any CPU
		{250B4509-8505-48BC-B53C-1CCE3B33340D}.Debug|x86.ActiveCfg = Debug|Any CPU
		{250B4509-8505-48BC-B53C-1CCE3B33340D}.Debug|x86.Build.0 = Debug|Any CPU
		{250B4509-8505-48BC-B53C-1CCE3B33340D}.Release|Any CPU.ActiveCfg = Release|Any CPU
		{250B4509-8505-48BC-B53C-1CCE3B33340D}.Release|Any CPU.Build.0 = Release|Any CPU
		{250B4509-8505-48BC-B53C-1CCE3B33340D}.Release|x64.ActiveCfg = Release|Any CPU
		{250B4509-8505-48BC-B53C-1CCE3B33340D}.Release|x64.Build.0 = Release|Any CPU
		{250B4509-8505-48BC-B53C-1CCE3B33340D}.Release|x86.ActiveCfg = Release|Any CPU
		{250B4509-8505-48BC-B53C-1CCE3B33340D}.Release|x86.Build.0 = Release|Any CPU
		{C560B7B8-4036-47E0-865F-175B2E7C06F0}.Debug|Any CPU.ActiveCfg = Debug|Any CPU
		{C560B7B8-4036-47E0-865F-175B2E7C06F0}.Debug|Any CPU.Build.0 = Debug|Any CPU
		{C560B7B8-4036-47E0-865F-175B2E7C06F0}.Debug|x64.ActiveCfg = Debug|Any CPU
		{C560B7B8-4036-47E0-865F-175B2E7C06F0}.Debug|x64.Build.0 = Debug|Any CPU
		{C560B7B8-4036-47E0-865F-175B2E7C06F0}.Debug|x86.ActiveCfg = Debug|Any CPU
		{C560B7B8-4036-47E0-865F-175B2E7C06F0}.Debug|x86.Build.0 = Debug|Any CPU
		{C560B7B8-4036-47E0-865F-175B2E7C06F0}.Release|Any CPU.ActiveCfg = Release|Any CPU
		{C560B7B8-4036-47E0-865F-175B2E7C06F0}.Release|Any CPU.Build.0 = Release|Any CPU
		{C560B7B8-4036-47E0-865F-175B2E7C06F0}.Release|x64.ActiveCfg = Release|Any CPU
		{C560B7B8-4036-47E0-865F-175B2E7C06F0}.Release|x64.Build.0 = Release|Any CPU
		{C560B7B8-4036-47E0-865F-175B2E7C06F0}.Release|x86.ActiveCfg = Release|Any CPU
		{C560B7B8-4036-47E0-865F-175B2E7C06F0}.Release|x86.Build.0 = Release|Any CPU
		{00AD777A-8BAF-4AA9-97E0-4C51CC0081F8}.Debug|Any CPU.ActiveCfg = Debug|Any CPU
		{00AD777A-8BAF-4AA9-97E0-4C51CC0081F8}.Debug|Any CPU.Build.0 = Debug|Any CPU
		{00AD777A-8BAF-4AA9-97E0-4C51CC0081F8}.Debug|x64.ActiveCfg = Debug|Any CPU
		{00AD777A-8BAF-4AA9-97E0-4C51CC0081F8}.Debug|x64.Build.0 = Debug|Any CPU
		{00AD777A-8BAF-4AA9-97E0-4C51CC0081F8}.Debug|x86.ActiveCfg = Debug|Any CPU
		{00AD777A-8BAF-4AA9-97E0-4C51CC0081F8}.Debug|x86.Build.0 = Debug|Any CPU
		{00AD777A-8BAF-4AA9-97E0-4C51CC0081F8}.Release|Any CPU.ActiveCfg = Release|Any CPU
		{00AD777A-8BAF-4AA9-97E0-4C51CC0081F8}.Release|Any CPU.Build.0 = Release|Any CPU
		{00AD777A-8BAF-4AA9-97E0-4C51CC0081F8}.Release|x64.ActiveCfg = Release|Any CPU
		{00AD777A-8BAF-4AA9-97E0-4C51CC0081F8}.Release|x64.Build.0 = Release|Any CPU
		{00AD777A-8BAF-4AA9-97E0-4C51CC0081F8}.Release|x86.ActiveCfg = Release|Any CPU
		{00AD777A-8BAF-4AA9-97E0-4C51CC0081F8}.Release|x86.Build.0 = Release|Any CPU
		{C453A5CF-F68A-498F-A116-D310A2A6234E}.Debug|Any CPU.ActiveCfg = Debug|Any CPU
		{C453A5CF-F68A-498F-A116-D310A2A6234E}.Debug|Any CPU.Build.0 = Debug|Any CPU
		{C453A5CF-F68A-498F-A116-D310A2A6234E}.Debug|x64.ActiveCfg = Debug|Any CPU
		{C453A5CF-F68A-498F-A116-D310A2A6234E}.Debug|x64.Build.0 = Debug|Any CPU
		{C453A5CF-F68A-498F-A116-D310A2A6234E}.Debug|x86.ActiveCfg = Debug|Any CPU
		{C453A5CF-F68A-498F-A116-D310A2A6234E}.Debug|x86.Build.0 = Debug|Any CPU
		{C453A5CF-F68A-498F-A116-D310A2A6234E}.Release|Any CPU.ActiveCfg = Release|Any CPU
		{C453A5CF-F68A-498F-A116-D310A2A6234E}.Release|Any CPU.Build.0 = Release|Any CPU
		{C453A5CF-F68A-498F-A116-D310A2A6234E}.Release|x64.ActiveCfg = Release|Any CPU
		{C453A5CF-F68A-498F-A116-D310A2A6234E}.Release|x64.Build.0 = Release|Any CPU
		{C453A5CF-F68A-498F-A116-D310A2A6234E}.Release|x86.ActiveCfg = Release|Any CPU
		{C453A5CF-F68A-498F-A116-D310A2A6234E}.Release|x86.Build.0 = Release|Any CPU
		{745AFF2F-DE87-4F1D-9E1E-1F6DB8F92276}.Debug|Any CPU.ActiveCfg = Debug|Any CPU
		{745AFF2F-DE87-4F1D-9E1E-1F6DB8F92276}.Debug|Any CPU.Build.0 = Debug|Any CPU
		{745AFF2F-DE87-4F1D-9E1E-1F6DB8F92276}.Debug|x64.ActiveCfg = Debug|Any CPU
		{745AFF2F-DE87-4F1D-9E1E-1F6DB8F92276}.Debug|x64.Build.0 = Debug|Any CPU
		{745AFF2F-DE87-4F1D-9E1E-1F6DB8F92276}.Debug|x86.ActiveCfg = Debug|Any CPU
		{745AFF2F-DE87-4F1D-9E1E-1F6DB8F92276}.Debug|x86.Build.0 = Debug|Any CPU
		{745AFF2F-DE87-4F1D-9E1E-1F6DB8F92276}.Release|Any CPU.ActiveCfg = Release|Any CPU
		{745AFF2F-DE87-4F1D-9E1E-1F6DB8F92276}.Release|Any CPU.Build.0 = Release|Any CPU
		{745AFF2F-DE87-4F1D-9E1E-1F6DB8F92276}.Release|x64.ActiveCfg = Release|Any CPU
		{745AFF2F-DE87-4F1D-9E1E-1F6DB8F92276}.Release|x64.Build.0 = Release|Any CPU
		{745AFF2F-DE87-4F1D-9E1E-1F6DB8F92276}.Release|x86.ActiveCfg = Release|Any CPU
		{745AFF2F-DE87-4F1D-9E1E-1F6DB8F92276}.Release|x86.Build.0 = Release|Any CPU
		{17BED320-69D3-417A-E92D-CF9C2DE74284}.Debug|Any CPU.ActiveCfg = Debug|Any CPU
		{17BED320-69D3-417A-E92D-CF9C2DE74284}.Debug|Any CPU.Build.0 = Debug|Any CPU
		{17BED320-69D3-417A-E92D-CF9C2DE74284}.Debug|x64.ActiveCfg = Debug|Any CPU
		{17BED320-69D3-417A-E92D-CF9C2DE74284}.Debug|x64.Build.0 = Debug|Any CPU
		{17BED320-69D3-417A-E92D-CF9C2DE74284}.Debug|x86.ActiveCfg = Debug|Any CPU
		{17BED320-69D3-417A-E92D-CF9C2DE74284}.Debug|x86.Build.0 = Debug|Any CPU
		{17BED320-69D3-417A-E92D-CF9C2DE74284}.Release|Any CPU.ActiveCfg = Release|Any CPU
		{17BED320-69D3-417A-E92D-CF9C2DE74284}.Release|Any CPU.Build.0 = Release|Any CPU
		{17BED320-69D3-417A-E92D-CF9C2DE74284}.Release|x64.ActiveCfg = Release|Any CPU
		{17BED320-69D3-417A-E92D-CF9C2DE74284}.Release|x64.Build.0 = Release|Any CPU
		{17BED320-69D3-417A-E92D-CF9C2DE74284}.Release|x86.ActiveCfg = Release|Any CPU
		{17BED320-69D3-417A-E92D-CF9C2DE74284}.Release|x86.Build.0 = Release|Any CPU
	EndGlobalSection
	GlobalSection(SolutionProperties) = preSolution
		HideSolutionNode = FALSE
	EndGlobalSection
	GlobalSection(NestedProjects) = preSolution
		{250B4509-8505-48BC-B53C-1CCE3B33340D} = {827E0CD3-B72D-47B6-A68D-7590B98EB39B}
		{C560B7B8-4036-47E0-865F-175B2E7C06F0} = {827E0CD3-B72D-47B6-A68D-7590B98EB39B}
		{00AD777A-8BAF-4AA9-97E0-4C51CC0081F8} = {827E0CD3-B72D-47B6-A68D-7590B98EB39B}
		{C453A5CF-F68A-498F-A116-D310A2A6234E} = {0AB3BF05-4346-4AA6-1389-037BE0695223}
		{745AFF2F-DE87-4F1D-9E1E-1F6DB8F92276} = {0AB3BF05-4346-4AA6-1389-037BE0695223}
		{17BED320-69D3-417A-E92D-CF9C2DE74284} = {827E0CD3-B72D-47B6-A68D-7590B98EB39B}
	EndGlobalSection
EndGlobal
